
Microsoft Visual Studio Solution File, Format Version 12.00
# Visual Studio 15
VisualStudioVersion = 15.0.26730.16
MinimumVisualStudioVersion = 10.0.40219.1
Project("{9A19103F-16F7-4668-BE54-9A1E7A4F7556}") = "DynamicProperties", "DynamicProperties\DynamicProperties.csproj", "{8D988128-BD54-4F09-AA9C-5A96D63C6605}"
EndProject
Project("{FAE04EC0-301F-11D3-BF4B-00C04F79EFBC}") = "DynamicPropSerializeTest", "DynamicPropSerializeTest\DynamicPropSerializeTest.csproj", "{ADBD950A-6AD4-4E4A-A979-F5DA7664CC89}"
EndProject
Project("{FAE04EC0-301F-11D3-BF4B-00C04F79EFBC}") = "DynamicProperties.Serialization", "DynamicProperties.Serialization\DynamicProperties.Serialization.csproj", "{C59F9C85-11F5-4752-AEB6-C0E7B63EA86B}"
EndProject
Global
	GlobalSection(SolutionConfigurationPlatforms) = preSolution
		Debug|Any CPU = Debug|Any CPU
		Release|Any CPU = Release|Any CPU
	EndGlobalSection
	GlobalSection(ProjectConfigurationPlatforms) = postSolution
		{8D988128-BD54-4F09-AA9C-5A96D63C6605}.Debug|Any CPU.ActiveCfg = Debug|Any CPU
		{8D988128-BD54-4F09-AA9C-5A96D63C6605}.Debug|Any CPU.Build.0 = Debug|Any CPU
		{8D988128-BD54-4F09-AA9C-5A96D63C6605}.Release|Any CPU.ActiveCfg = Release|Any CPU
		{8D988128-BD54-4F09-AA9C-5A96D63C6605}.Release|Any CPU.Build.0 = Release|Any CPU
		{ADBD950A-6AD4-4E4A-A979-F5DA7664CC89}.Debug|Any CPU.ActiveCfg = Debug|Any CPU
		{ADBD950A-6AD4-4E4A-A979-F5DA7664CC89}.Debug|Any CPU.Build.0 = Debug|Any CPU
		{ADBD950A-6AD4-4E4A-A979-F5DA7664CC89}.Release|Any CPU.ActiveCfg = Release|Any CPU
		{ADBD950A-6AD4-4E4A-A979-F5DA7664CC89}.Release|Any CPU.Build.0 = Release|Any CPU
		{C59F9C85-11F5-4752-AEB6-C0E7B63EA86B}.Debug|Any CPU.ActiveCfg = Debug|Any CPU
		{C59F9C85-11F5-4752-AEB6-C0E7B63EA86B}.Debug|Any CPU.Build.0 = Debug|Any CPU
		{C59F9C85-11F5-4752-AEB6-C0E7B63EA86B}.Release|Any CPU.ActiveCfg = Release|Any CPU
		{C59F9C85-11F5-4752-AEB6-C0E7B63EA86B}.Release|Any CPU.Build.0 = Release|Any CPU
	EndGlobalSection
	GlobalSection(SolutionProperties) = preSolution
		HideSolutionNode = FALSE
	EndGlobalSection
	GlobalSection(ExtensibilityGlobals) = postSolution
		SolutionGuid = {64145BF3-DCB7-4D04-85B8-2528654287C5}
	EndGlobalSection
EndGlobal
